
Microsoft Visual Studio Solution File, Format Version 12.00
# Visual Studio Version 17
VisualStudioVersion = 17.6.33723.286
MinimumVisualStudioVersion = 10.0.40219.1
Project("{9A19103F-16F7-4668-BE54-9A1E7A4F7556}") = "HW1", "HW1\HW1.csproj", "{A74CACC5-4E65-405D-BFB6-68F4CA882D7A}"
EndProject
Project("{9A19103F-16F7-4668-BE54-9A1E7A4F7556}") = "HW2", "HW2\HW2.csproj", "{DC901335-AC6A-40BC-9C57-5C9CCAF9A771}"
EndProject
Project("{9A19103F-16F7-4668-BE54-9A1E7A4F7556}") = "HW3", "HW3\HW3.csproj", "{EFB35322-8F52-4410-A8F8-8C868FC3813A}"
EndProject
Project("{9A19103F-16F7-4668-BE54-9A1E7A4F7556}") = "HW5", "HW5\HW5.csproj", "{7924F8E5-5A38-4F04-A5AF-CE4D543EBE1C}"
EndProject
Project("{9A19103F-16F7-4668-BE54-9A1E7A4F7556}") = "HTMLandCSS", "HTMLandCSS\HTMLandCSS.csproj", "{6A34191C-2BC6-4C27-A41D-90DD6F3A259A}"
EndProject
Project("{9A19103F-16F7-4668-BE54-9A1E7A4F7556}") = "HW.Additional", "HW.Additional\HW.Additional.csproj", "{09D5D96A-A3B7-4848-A15A-CF7D6836D514}"
EndProject
Project("{FAE04EC0-301F-11D3-BF4B-00C04F79EFBC}") = "PizzaAPI", "PizzaAPI\PizzaAPI.csproj", "{B147CA74-ADCE-4106-BEF1-4A9F686B5B1C}"
EndProject
Global
	GlobalSection(SolutionConfigurationPlatforms) = preSolution
		Debug|Any CPU = Debug|Any CPU
		Release|Any CPU = Release|Any CPU
	EndGlobalSection
	GlobalSection(ProjectConfigurationPlatforms) = postSolution
		{A74CACC5-4E65-405D-BFB6-68F4CA882D7A}.Debug|Any CPU.ActiveCfg = Debug|Any CPU
		{A74CACC5-4E65-405D-BFB6-68F4CA882D7A}.Debug|Any CPU.Build.0 = Debug|Any CPU
		{A74CACC5-4E65-405D-BFB6-68F4CA882D7A}.Release|Any CPU.ActiveCfg = Release|Any CPU
		{A74CACC5-4E65-405D-BFB6-68F4CA882D7A}.Release|Any CPU.Build.0 = Release|Any CPU
		{DC901335-AC6A-40BC-9C57-5C9CCAF9A771}.Debug|Any CPU.ActiveCfg = Debug|Any CPU
		{DC901335-AC6A-40BC-9C57-5C9CCAF9A771}.Debug|Any CPU.Build.0 = Debug|Any CPU
		{DC901335-AC6A-40BC-9C57-5C9CCAF9A771}.Release|Any CPU.ActiveCfg = Release|Any CPU
		{DC901335-AC6A-40BC-9C57-5C9CCAF9A771}.Release|Any CPU.Build.0 = Release|Any CPU
		{EFB35322-8F52-4410-A8F8-8C868FC3813A}.Debug|Any CPU.ActiveCfg = Debug|Any CPU
		{EFB35322-8F52-4410-A8F8-8C868FC3813A}.Debug|Any CPU.Build.0 = Debug|Any CPU
		{EFB35322-8F52-4410-A8F8-8C868FC3813A}.Release|Any CPU.ActiveCfg = Release|Any CPU
		{EFB35322-8F52-4410-A8F8-8C868FC3813A}.Release|Any CPU.Build.0 = Release|Any CPU
		{7924F8E5-5A38-4F04-A5AF-CE4D543EBE1C}.Debug|Any CPU.ActiveCfg = Debug|Any CPU
		{7924F8E5-5A38-4F04-A5AF-CE4D543EBE1C}.Debug|Any CPU.Build.0 = Debug|Any CPU
		{7924F8E5-5A38-4F04-A5AF-CE4D543EBE1C}.Release|Any CPU.ActiveCfg = Release|Any CPU
		{7924F8E5-5A38-4F04-A5AF-CE4D543EBE1C}.Release|Any CPU.Build.0 = Release|Any CPU
		{6A34191C-2BC6-4C27-A41D-90DD6F3A259A}.Debug|Any CPU.ActiveCfg = Debug|Any CPU
		{6A34191C-2BC6-4C27-A41D-90DD6F3A259A}.Debug|Any CPU.Build.0 = Debug|Any CPU
		{6A34191C-2BC6-4C27-A41D-90DD6F3A259A}.Release|Any CPU.ActiveCfg = Release|Any CPU
		{6A34191C-2BC6-4C27-A41D-90DD6F3A259A}.Release|Any CPU.Build.0 = Release|Any CPU
		{09D5D96A-A3B7-4848-A15A-CF7D6836D514}.Debug|Any CPU.ActiveCfg = Debug|Any CPU
		{09D5D96A-A3B7-4848-A15A-CF7D6836D514}.Debug|Any CPU.Build.0 = Debug|Any CPU
		{09D5D96A-A3B7-4848-A15A-CF7D6836D514}.Release|Any CPU.ActiveCfg = Release|Any CPU
		{09D5D96A-A3B7-4848-A15A-CF7D6836D514}.Release|Any CPU.Build.0 = Release|Any CPU
		{B147CA74-ADCE-4106-BEF1-4A9F686B5B1C}.Debug|Any CPU.ActiveCfg = Debug|Any CPU
		{B147CA74-ADCE-4106-BEF1-4A9F686B5B1C}.Debug|Any CPU.Build.0 = Debug|Any CPU
		{B147CA74-ADCE-4106-BEF1-4A9F686B5B1C}.Release|Any CPU.ActiveCfg = Release|Any CPU
		{B147CA74-ADCE-4106-BEF1-4A9F686B5B1C}.Release|Any CPU.Build.0 = Release|Any CPU
	EndGlobalSection
	GlobalSection(SolutionProperties) = preSolution
		HideSolutionNode = FALSE
	EndGlobalSection
	GlobalSection(ExtensibilityGlobals) = postSolution
		SolutionGuid = {F6A43A9B-60E8-4926-AAFB-177A3735A8E0}
	EndGlobalSection
EndGlobal
