
Microsoft Visual Studio Solution File, Format Version 12.00
# Visual Studio Version 17
VisualStudioVersion = 17.6.33723.286
MinimumVisualStudioVersion = 10.0.40219.1
Project("{FAE04EC0-301F-11D3-BF4B-00C04F79EFBC}") = "HW1", "HW1\HW1.csproj", "{A74CACC5-4E65-405D-BFB6-68F4CA882D7A}"
EndProject
Global
	GlobalSection(SolutionConfigurationPlatforms) = preSolution
		Debug|Any CPU = Debug|Any CPU
		Release|Any CPU = Release|Any CPU
	EndGlobalSection
	GlobalSection(ProjectConfigurationPlatforms) = postSolution
		{A74CACC5-4E65-405D-BFB6-68F4CA882D7A}.Debug|Any CPU.ActiveCfg = Debug|Any CPU
		{A74CACC5-4E65-405D-BFB6-68F4CA882D7A}.Debug|Any CPU.Build.0 = Debug|Any CPU
		{A74CACC5-4E65-405D-BFB6-68F4CA882D7A}.Release|Any CPU.ActiveCfg = Release|Any CPU
		{A74CACC5-4E65-405D-BFB6-68F4CA882D7A}.Release|Any CPU.Build.0 = Release|Any CPU
	EndGlobalSection
	GlobalSection(SolutionProperties) = preSolution
		HideSolutionNode = FALSE
	EndGlobalSection
	GlobalSection(ExtensibilityGlobals) = postSolution
		SolutionGuid = {F6A43A9B-60E8-4926-AAFB-177A3735A8E0}
	EndGlobalSection
EndGlobal
